
Microsoft Visual Studio Solution File, Format Version 12.00
# Visual Studio Version 16
VisualStudioVersion = 16.0.31613.86
MinimumVisualStudioVersion = 10.0.40219.1
Project("{FAE04EC0-301F-11D3-BF4B-00C04F79EFBC}") = "AddressBook", "AddressBook.csproj", "{D904E607-2A13-4B99-BCDC-5A919C853E30}"
EndProject
Global
	GlobalSection(SolutionConfigurationPlatforms) = preSolution
		Debug|Any CPU = Debug|Any CPU
		Release|Any CPU = Release|Any CPU
	EndGlobalSection
	GlobalSection(ProjectConfigurationPlatforms) = postSolution
		{D904E607-2A13-4B99-BCDC-5A919C853E30}.Debug|Any CPU.ActiveCfg = Debug|Any CPU
		{D904E607-2A13-4B99-BCDC-5A919C853E30}.Debug|Any CPU.Build.0 = Debug|Any CPU
		{D904E607-2A13-4B99-BCDC-5A919C853E30}.Release|Any CPU.ActiveCfg = Release|Any CPU
		{D904E607-2A13-4B99-BCDC-5A919C853E30}.Release|Any CPU.Build.0 = Release|Any CPU
	EndGlobalSection
	GlobalSection(SolutionProperties) = preSolution
		HideSolutionNode = FALSE
	EndGlobalSection
	GlobalSection(ExtensibilityGlobals) = postSolution
		SolutionGuid = {5658378B-9DA1-4ADE-8639-DED43F7DB7CD}
	EndGlobalSection
EndGlobal
